
Microsoft Visual Studio Solution File, Format Version 12.00
# Visual Studio Version 16
VisualStudioVersion = 16.0.30011.22
MinimumVisualStudioVersion = 10.0.40219.1
Project("{FAE04EC0-301F-11D3-BF4B-00C04F79EFBC}") = "DeclarationInitialization", "DeclarationInitialization.csproj", "{A511FF46-726D-4FAF-97B8-CEE916DA9549}"
EndProject
Global
	GlobalSection(SolutionConfigurationPlatforms) = preSolution
		Debug|Any CPU = Debug|Any CPU
		Release|Any CPU = Release|Any CPU
	EndGlobalSection
	GlobalSection(ProjectConfigurationPlatforms) = postSolution
		{A511FF46-726D-4FAF-97B8-CEE916DA9549}.Debug|Any CPU.ActiveCfg = Debug|Any CPU
		{A511FF46-726D-4FAF-97B8-CEE916DA9549}.Debug|Any CPU.Build.0 = Debug|Any CPU
		{A511FF46-726D-4FAF-97B8-CEE916DA9549}.Release|Any CPU.ActiveCfg = Release|Any CPU
		{A511FF46-726D-4FAF-97B8-CEE916DA9549}.Release|Any CPU.Build.0 = Release|Any CPU
	EndGlobalSection
	GlobalSection(SolutionProperties) = preSolution
		HideSolutionNode = FALSE
	EndGlobalSection
	GlobalSection(ExtensibilityGlobals) = postSolution
		SolutionGuid = {98E5FB15-7C2E-4375-92DD-7A22C40A1CDD}
	EndGlobalSection
EndGlobal
