
Microsoft Visual Studio Solution File, Format Version 12.00
# Visual Studio 15
VisualStudioVersion = 15.0.28010.2016
MinimumVisualStudioVersion = 10.0.40219.1
Project("{FAE04EC0-301F-11D3-BF4B-00C04F79EFBC}") = "FileSplitter", "FileSplitter\FileSplitter.csproj", "{0DD501BA-FFC4-4442-B6E2-43010041859B}"
EndProject
Project("{FAE04EC0-301F-11D3-BF4B-00C04F79EFBC}") = "FizzWriter", "FizzWriter\FizzWriter.csproj", "{DBAC6357-FCF1-41C7-A6AB-44AE1C9C1C1B}"
EndProject
Global
	GlobalSection(SolutionConfigurationPlatforms) = preSolution
		Debug|Any CPU = Debug|Any CPU
		Release|Any CPU = Release|Any CPU
	EndGlobalSection
	GlobalSection(ProjectConfigurationPlatforms) = postSolution
		{0DD501BA-FFC4-4442-B6E2-43010041859B}.Debug|Any CPU.ActiveCfg = Debug|Any CPU
		{0DD501BA-FFC4-4442-B6E2-43010041859B}.Debug|Any CPU.Build.0 = Debug|Any CPU
		{0DD501BA-FFC4-4442-B6E2-43010041859B}.Release|Any CPU.ActiveCfg = Release|Any CPU
		{0DD501BA-FFC4-4442-B6E2-43010041859B}.Release|Any CPU.Build.0 = Release|Any CPU
		{DBAC6357-FCF1-41C7-A6AB-44AE1C9C1C1B}.Debug|Any CPU.ActiveCfg = Debug|Any CPU
		{DBAC6357-FCF1-41C7-A6AB-44AE1C9C1C1B}.Debug|Any CPU.Build.0 = Debug|Any CPU
		{DBAC6357-FCF1-41C7-A6AB-44AE1C9C1C1B}.Release|Any CPU.ActiveCfg = Release|Any CPU
		{DBAC6357-FCF1-41C7-A6AB-44AE1C9C1C1B}.Release|Any CPU.Build.0 = Release|Any CPU
	EndGlobalSection
	GlobalSection(SolutionProperties) = preSolution
		HideSolutionNode = FALSE
	EndGlobalSection
	GlobalSection(ExtensibilityGlobals) = postSolution
		SolutionGuid = {F5C69B20-7B79-468F-95E9-F1A0E4E003D6}
	EndGlobalSection
EndGlobal
