
Microsoft Visual Studio Solution File, Format Version 12.00
# Visual Studio Version 16
VisualStudioVersion = 16.0.30611.23
MinimumVisualStudioVersion = 10.0.40219.1
Project("{9A19103F-16F7-4668-BE54-9A1E7A4F7556}") = "ProjectOrganizer", "ProjectOrganizer\ProjectOrganizer.csproj", "{AB2433C8-2D57-4AC5-876F-3BEDC389561B}"
EndProject
Project("{FAE04EC0-301F-11D3-BF4B-00C04F79EFBC}") = "ProjectOrganizerTests", "ProjectOrganizerTests\ProjectOrganizerTests.csproj", "{0552A04C-9482-4D80-B8A1-614953E386A3}"
EndProject
Global
	GlobalSection(SolutionConfigurationPlatforms) = preSolution
		Debug|Any CPU = Debug|Any CPU
		Release|Any CPU = Release|Any CPU
	EndGlobalSection
	GlobalSection(ProjectConfigurationPlatforms) = postSolution
		{AB2433C8-2D57-4AC5-876F-3BEDC389561B}.Debug|Any CPU.ActiveCfg = Debug|Any CPU
		{AB2433C8-2D57-4AC5-876F-3BEDC389561B}.Debug|Any CPU.Build.0 = Debug|Any CPU
		{AB2433C8-2D57-4AC5-876F-3BEDC389561B}.Release|Any CPU.ActiveCfg = Release|Any CPU
		{AB2433C8-2D57-4AC5-876F-3BEDC389561B}.Release|Any CPU.Build.0 = Release|Any CPU
		{0552A04C-9482-4D80-B8A1-614953E386A3}.Debug|Any CPU.ActiveCfg = Debug|Any CPU
		{0552A04C-9482-4D80-B8A1-614953E386A3}.Debug|Any CPU.Build.0 = Debug|Any CPU
		{0552A04C-9482-4D80-B8A1-614953E386A3}.Release|Any CPU.ActiveCfg = Release|Any CPU
		{0552A04C-9482-4D80-B8A1-614953E386A3}.Release|Any CPU.Build.0 = Release|Any CPU
	EndGlobalSection
	GlobalSection(SolutionProperties) = preSolution
		HideSolutionNode = FALSE
	EndGlobalSection
	GlobalSection(ExtensibilityGlobals) = postSolution
		SolutionGuid = {06FF90E7-1491-4A40-A375-3F97DF811195}
	EndGlobalSection
EndGlobal
