
Microsoft Visual Studio Solution File, Format Version 12.00
# Visual Studio 15
VisualStudioVersion = 15.0.28010.2016
MinimumVisualStudioVersion = 10.0.40219.1
Project("{FAE04EC0-301F-11D3-BF4B-00C04F79EFBC}") = "VariableNaming", "VariableNaming\VariableNaming.csproj", "{575A294E-F57F-441A-B7A8-48AF6570801D}"
EndProject
Global
	GlobalSection(SolutionConfigurationPlatforms) = preSolution
		Debug|Any CPU = Debug|Any CPU
		Release|Any CPU = Release|Any CPU
	EndGlobalSection
	GlobalSection(ProjectConfigurationPlatforms) = postSolution
		{575A294E-F57F-441A-B7A8-48AF6570801D}.Debug|Any CPU.ActiveCfg = Debug|Any CPU
		{575A294E-F57F-441A-B7A8-48AF6570801D}.Debug|Any CPU.Build.0 = Debug|Any CPU
		{575A294E-F57F-441A-B7A8-48AF6570801D}.Release|Any CPU.ActiveCfg = Release|Any CPU
		{575A294E-F57F-441A-B7A8-48AF6570801D}.Release|Any CPU.Build.0 = Release|Any CPU
	EndGlobalSection
	GlobalSection(SolutionProperties) = preSolution
		HideSolutionNode = FALSE
	EndGlobalSection
	GlobalSection(ExtensibilityGlobals) = postSolution
		SolutionGuid = {3483B6C0-1022-4ECD-B4CA-68D314F101D6}
	EndGlobalSection
EndGlobal
