
Microsoft Visual Studio Solution File, Format Version 12.00
# Visual Studio Version 16
VisualStudioVersion = 16.0.30621.155
MinimumVisualStudioVersion = 10.0.40219.1
Project("{FAE04EC0-301F-11D3-BF4B-00C04F79EFBC}") = "Locations", "Locations.csproj", "{C40F4315-21BE-43A2-8F12-B5674FFB1283}"
EndProject
Global
	GlobalSection(SolutionConfigurationPlatforms) = preSolution
		Debug|Any CPU = Debug|Any CPU
		Release|Any CPU = Release|Any CPU
	EndGlobalSection
	GlobalSection(ProjectConfigurationPlatforms) = postSolution
		{C40F4315-21BE-43A2-8F12-B5674FFB1283}.Debug|Any CPU.ActiveCfg = Debug|Any CPU
		{C40F4315-21BE-43A2-8F12-B5674FFB1283}.Debug|Any CPU.Build.0 = Debug|Any CPU
		{C40F4315-21BE-43A2-8F12-B5674FFB1283}.Release|Any CPU.ActiveCfg = Release|Any CPU
		{C40F4315-21BE-43A2-8F12-B5674FFB1283}.Release|Any CPU.Build.0 = Release|Any CPU
	EndGlobalSection
	GlobalSection(SolutionProperties) = preSolution
		HideSolutionNode = FALSE
	EndGlobalSection
	GlobalSection(ExtensibilityGlobals) = postSolution
		SolutionGuid = {9D7FAC38-C927-4F75-9BBB-CF17916E4010}
	EndGlobalSection
EndGlobal
