
Microsoft Visual Studio Solution File, Format Version 12.00
# Visual Studio Version 16
VisualStudioVersion = 16.0.30523.141
MinimumVisualStudioVersion = 10.0.40219.1
Project("{FAE04EC0-301F-11D3-BF4B-00C04F79EFBC}") = "QuizTracker", "QuizTracker.csproj", "{56083576-6325-4384-8C9D-BE9743EED08F}"
EndProject
Global
	GlobalSection(SolutionConfigurationPlatforms) = preSolution
		Debug|Any CPU = Debug|Any CPU
		Release|Any CPU = Release|Any CPU
	EndGlobalSection
	GlobalSection(ProjectConfigurationPlatforms) = postSolution
		{56083576-6325-4384-8C9D-BE9743EED08F}.Debug|Any CPU.ActiveCfg = Debug|Any CPU
		{56083576-6325-4384-8C9D-BE9743EED08F}.Debug|Any CPU.Build.0 = Debug|Any CPU
		{56083576-6325-4384-8C9D-BE9743EED08F}.Release|Any CPU.ActiveCfg = Release|Any CPU
		{56083576-6325-4384-8C9D-BE9743EED08F}.Release|Any CPU.Build.0 = Release|Any CPU
	EndGlobalSection
	GlobalSection(SolutionProperties) = preSolution
		HideSolutionNode = FALSE
	EndGlobalSection
	GlobalSection(ExtensibilityGlobals) = postSolution
		SolutionGuid = {C36CAEEA-0175-4258-88E1-9704E016DD2B}
	EndGlobalSection
EndGlobal
