
Microsoft Visual Studio Solution File, Format Version 12.00
# Visual Studio Version 16
VisualStudioVersion = 16.0.30523.141
MinimumVisualStudioVersion = 10.0.40219.1
Project("{9A19103F-16F7-4668-BE54-9A1E7A4F7556}") = "TestableClasses", "TestableClasses\TestableClasses.csproj", "{B6AD3FE1-B88D-457E-9AB4-744AF8859FB6}"
EndProject
Project("{FAE04EC0-301F-11D3-BF4B-00C04F79EFBC}") = "TestableClassesTestsLive", "TestableClassesTestsLive\TestableClassesTestsLive.csproj", "{A1170CA7-00FC-44F3-A8B5-EB2A22818FE4}"
EndProject
Global
	GlobalSection(SolutionConfigurationPlatforms) = preSolution
		Debug|Any CPU = Debug|Any CPU
		Release|Any CPU = Release|Any CPU
	EndGlobalSection
	GlobalSection(ProjectConfigurationPlatforms) = postSolution
		{B6AD3FE1-B88D-457E-9AB4-744AF8859FB6}.Debug|Any CPU.ActiveCfg = Debug|Any CPU
		{B6AD3FE1-B88D-457E-9AB4-744AF8859FB6}.Debug|Any CPU.Build.0 = Debug|Any CPU
		{B6AD3FE1-B88D-457E-9AB4-744AF8859FB6}.Release|Any CPU.ActiveCfg = Release|Any CPU
		{B6AD3FE1-B88D-457E-9AB4-744AF8859FB6}.Release|Any CPU.Build.0 = Release|Any CPU
		{A1170CA7-00FC-44F3-A8B5-EB2A22818FE4}.Debug|Any CPU.ActiveCfg = Debug|Any CPU
		{A1170CA7-00FC-44F3-A8B5-EB2A22818FE4}.Debug|Any CPU.Build.0 = Debug|Any CPU
		{A1170CA7-00FC-44F3-A8B5-EB2A22818FE4}.Release|Any CPU.ActiveCfg = Release|Any CPU
		{A1170CA7-00FC-44F3-A8B5-EB2A22818FE4}.Release|Any CPU.Build.0 = Release|Any CPU
	EndGlobalSection
	GlobalSection(SolutionProperties) = preSolution
		HideSolutionNode = FALSE
	EndGlobalSection
	GlobalSection(ExtensibilityGlobals) = postSolution
		SolutionGuid = {4C696271-65BD-4DEB-B4AC-BEEB24AB85DE}
	EndGlobalSection
EndGlobal
